github.com/gofrs/uuid v1.2.0 h1:coDhrjgyJaglxSjxuJdqQSSdUpG3w6p1OwN2od6frBU=
github.com/gofrs/uuid v3.3.0+incompatible h1:8K4tyRfvU1CYPgJsveYFQMhpFd/wXNM7iK6rR7UHz84=
github.com/gofrs/uuid v3.3.0+incompatible/go.mod h1:b2aQJv3Z4Fp6yNu3cdSllBxTCLRxnplIgP/c0N/04lM=
github.com/google/uuid v1.1.2 h1:EVhdT+1Kseyi1/pUmXKaFxYsDNy9RQYkMWRH68J/W7Y=
github.com/google/uuid v1.1.2/go.mod h1:TIyPZe4MgqvfeYDBFedMoGGpEw/LqOeaOT+nhxU+yHo=
github.com/plezentek/bazel-sqlc v0.0.0-20201117142835-a482f73a1453 h1:SJBVW2MACWV9mRjdHxzb/UP+3kNmKF0OKRI163SNZnQ=
